
Microsoft Visual Studio Solution File, Format Version 12.00
# Visual Studio Version 17
VisualStudioVersion = 17.11.35312.102
MinimumVisualStudioVersion = 10.0.40219.1
Project("{9A19103F-16F7-4668-BE54-9A1E7A4F7556}") = "AplicatieLicenta", "AplicatieLicenta\AplicatieLicenta.csproj", "{CD4565A3-109E-421C-A96E-CDBF10FD84DE}"
EndProject
Global
	GlobalSection(SolutionConfigurationPlatforms) = preSolution
		Debug|Any CPU = Debug|Any CPU
		Release|Any CPU = Release|Any CPU
	EndGlobalSection
	GlobalSection(ProjectConfigurationPlatforms) = postSolution
		{CD4565A3-109E-421C-A96E-CDBF10FD84DE}.Debug|Any CPU.ActiveCfg = Debug|Any CPU
		{CD4565A3-109E-421C-A96E-CDBF10FD84DE}.Debug|Any CPU.Build.0 = Debug|Any CPU
		{CD4565A3-109E-421C-A96E-CDBF10FD84DE}.Release|Any CPU.ActiveCfg = Release|Any CPU
		{CD4565A3-109E-421C-A96E-CDBF10FD84DE}.Release|Any CPU.Build.0 = Release|Any CPU
	EndGlobalSection
	GlobalSection(SolutionProperties) = preSolution
		HideSolutionNode = FALSE
	EndGlobalSection
	GlobalSection(ExtensibilityGlobals) = postSolution
		SolutionGuid = {F16291D0-C0CC-40E7-A95F-9F583060CBBB}
	EndGlobalSection
EndGlobal
